
Microsoft Visual Studio Solution File, Format Version 12.00
# Visual Studio Version 16
VisualStudioVersion = 16.0.31321.278
MinimumVisualStudioVersion = 10.0.40219.1
Project("{FAE04EC0-301F-11D3-BF4B-00C04F79EFBC}") = "JWTProject.API", "JWTProject\JWTProject.API.csproj", "{4815BC62-71AF-4E67-8C17-E3EFF354DBD2}"
EndProject
Project("{FAE04EC0-301F-11D3-BF4B-00C04F79EFBC}") = "JWT.Core", "JWT.Core\JWT.Core.csproj", "{E3474477-CD86-4341-A5E8-69B6CE5E5E21}"
EndProject
Project("{FAE04EC0-301F-11D3-BF4B-00C04F79EFBC}") = "JWT.DataAccess", "JWT.DataAccess\JWT.DataAccess.csproj", "{CCE1E34E-26FA-47CB-AECB-8C2A250244BE}"
EndProject
Project("{FAE04EC0-301F-11D3-BF4B-00C04F79EFBC}") = "JWT.Entities", "JWT.Entities\JWT.Entities.csproj", "{BEE781C9-0D8F-4A7C-9FBC-3C47222F7F2F}"
EndProject
Project("{FAE04EC0-301F-11D3-BF4B-00C04F79EFBC}") = "JWT.Business", "JWT.Business\JWT.Business.csproj", "{FECECE6D-3ED4-420A-965F-F0EE7F052841}"
EndProject
Global
	GlobalSection(SolutionConfigurationPlatforms) = preSolution
		Debug|Any CPU = Debug|Any CPU
		Release|Any CPU = Release|Any CPU
	EndGlobalSection
	GlobalSection(ProjectConfigurationPlatforms) = postSolution
		{4815BC62-71AF-4E67-8C17-E3EFF354DBD2}.Debug|Any CPU.ActiveCfg = Debug|Any CPU
		{4815BC62-71AF-4E67-8C17-E3EFF354DBD2}.Debug|Any CPU.Build.0 = Debug|Any CPU
		{4815BC62-71AF-4E67-8C17-E3EFF354DBD2}.Release|Any CPU.ActiveCfg = Release|Any CPU
		{4815BC62-71AF-4E67-8C17-E3EFF354DBD2}.Release|Any CPU.Build.0 = Release|Any CPU
		{E3474477-CD86-4341-A5E8-69B6CE5E5E21}.Debug|Any CPU.ActiveCfg = Debug|Any CPU
		{E3474477-CD86-4341-A5E8-69B6CE5E5E21}.Debug|Any CPU.Build.0 = Debug|Any CPU
		{E3474477-CD86-4341-A5E8-69B6CE5E5E21}.Release|Any CPU.ActiveCfg = Release|Any CPU
		{E3474477-CD86-4341-A5E8-69B6CE5E5E21}.Release|Any CPU.Build.0 = Release|Any CPU
		{CCE1E34E-26FA-47CB-AECB-8C2A250244BE}.Debug|Any CPU.ActiveCfg = Debug|Any CPU
		{CCE1E34E-26FA-47CB-AECB-8C2A250244BE}.Debug|Any CPU.Build.0 = Debug|Any CPU
		{CCE1E34E-26FA-47CB-AECB-8C2A250244BE}.Release|Any CPU.ActiveCfg = Release|Any CPU
		{CCE1E34E-26FA-47CB-AECB-8C2A250244BE}.Release|Any CPU.Build.0 = Release|Any CPU
		{BEE781C9-0D8F-4A7C-9FBC-3C47222F7F2F}.Debug|Any CPU.ActiveCfg = Debug|Any CPU
		{BEE781C9-0D8F-4A7C-9FBC-3C47222F7F2F}.Debug|Any CPU.Build.0 = Debug|Any CPU
		{BEE781C9-0D8F-4A7C-9FBC-3C47222F7F2F}.Release|Any CPU.ActiveCfg = Release|Any CPU
		{BEE781C9-0D8F-4A7C-9FBC-3C47222F7F2F}.Release|Any CPU.Build.0 = Release|Any CPU
		{FECECE6D-3ED4-420A-965F-F0EE7F052841}.Debug|Any CPU.ActiveCfg = Debug|Any CPU
		{FECECE6D-3ED4-420A-965F-F0EE7F052841}.Debug|Any CPU.Build.0 = Debug|Any CPU
		{FECECE6D-3ED4-420A-965F-F0EE7F052841}.Release|Any CPU.ActiveCfg = Release|Any CPU
		{FECECE6D-3ED4-420A-965F-F0EE7F052841}.Release|Any CPU.Build.0 = Release|Any CPU
	EndGlobalSection
	GlobalSection(SolutionProperties) = preSolution
		HideSolutionNode = FALSE
	EndGlobalSection
	GlobalSection(ExtensibilityGlobals) = postSolution
		SolutionGuid = {D58A018D-56AE-4C47-B53C-D3AA695CDA9E}
	EndGlobalSection
EndGlobal
